// !$*UTF8*$!
{
	archiveVersion = 1;
	classes = {
	};
	objectVersion = 46;
	objects = {

/* Begin PBXBuildFile section */
		69B1A48519A368DC0050DA13 /* main.m in Sources */ = {isa = PBXBuildFile; fileRef = 69B1A48419A368DC0050DA13 /* main.m */; };
		69B1A48819A368DC0050DA13 /* AppDelegate.m in Sources */ = {isa = PBXBuildFile; fileRef = 69B1A48719A368DC0050DA13 /* AppDelegate.m */; };
		69B1A48B19A368DC0050DA13 /* ViewController.m in Sources */ = {isa = PBXBuildFile; fileRef = 69B1A48A19A368DC0050DA13 /* ViewController.m */; };
		69B1A48E19A368DC0050DA13 /* Main.storyboard in Resources */ = {isa = PBXBuildFile; fileRef = 69B1A48C19A368DC0050DA13 /* Main.storyboard */; };
		69B1A49019A368DC0050DA13 /* Images.xcassets in Resources */ = {isa = PBXBuildFile; fileRef = 69B1A48F19A368DC0050DA13 /* Images.xcassets */; };
		69B1A49C19A368DC0050DA13 /* blurAndVibrancyEffectTests.m in Sources */ = {isa = PBXBuildFile; fileRef = 69B1A49B19A368DC0050DA13 /* blurAndVibrancyEffectTests.m */; };
/* End PBXBuildFile section */

/* Begin PBXContainerItemProxy section */
		69B1A49619A368DC0050DA13 /* PBXContainerItemProxy */ = {
			isa = PBXContainerItemProxy;
			containerPortal = 69B1A47719A368DC0050DA13 /* Project object */;
			proxyType = 1;
			remoteGlobalIDString = 69B1A47E19A368DC0050DA13;
			remoteInfo = blurAndVibrancyEffect;
		};
/* End PBXContainerItemProxy section */

/* Begin PBXFileReference section */
		69B1A47F19A368DC0050DA13 /* blurAndVibrancyEffect.app */ = {isa = PBXFileReference; explicitFileType = wrapper.application; includeInIndex = 0; path = blurAndVibrancyEffect.app; sourceTree = BUILT_PRODUCTS_DIR; };
		69B1A48319A368DC0050DA13 /* Info.plist */ = {isa = PBXFileReference; lastKnownFileType = text.plist.xml; path = Info.plist; sourceTree = "<group>"; };
		69B1A48419A368DC0050DA13 /* main.m */ = {isa = PBXFileReference; lastKnownFileType = sourcecode.c.objc; path = main.m; sourceTree = "<group>"; };
		69B1A48619A368DC0050DA13 /* AppDelegate.h */ = {isa = PBXFileReference; lastKnownFileType = sourcecode.c.h; path = AppDelegate.h; sourceTree = "<group>"; };
		69B1A48719A368DC0050DA13 /* AppDelegate.m */ = {isa = PBXFileReference; lastKnownFileType = sourcecode.c.objc; path = AppDelegate.m; sourceTree = "<group>"; };
		69B1A48919A368DC0050DA13 /* ViewController.h */ = {isa = PBXFileReference; lastKnownFileType = sourcecode.c.h; path = ViewController.h; sourceTree = "<group>"; };
		69B1A48A19A368DC0050DA13 /* ViewController.m */ = {isa = PBXFileReference; lastKnownFileType = sourcecode.c.objc; path = ViewController.m; sourceTree = "<group>"; };
		69B1A48D19A368DC0050DA13 /* Base */ = {isa = PBXFileReference; lastKnownFileType = file.storyboard; name = Base; path = Base.lproj/Main.storyboard; sourceTree = "<group>"; };
		69B1A48F19A368DC0050DA13 /* Images.xcassets */ = {isa = PBXFileReference; lastKnownFileType = folder.assetcatalog; path = Images.xcassets; sourceTree = "<group>"; };
		69B1A49519A368DC0050DA13 /* blurAndVibrancyEffectTests.xctest */ = {isa = PBXFileReference; explicitFileType = wrapper.cfbundle; includeInIndex = 0; path = blurAndVibrancyEffectTests.xctest; sourceTree = BUILT_PRODUCTS_DIR; };
		69B1A49A19A368DC0050DA13 /* Info.plist */ = {isa = PBXFileReference; lastKnownFileType = text.plist.xml; path = Info.plist; sourceTree = "<group>"; };
		69B1A49B19A368DC0050DA13 /* blurAndVibrancyEffectTests.m */ = {isa = PBXFileReference; lastKnownFileType = sourcecode.c.objc; path = blurAndVibrancyEffectTests.m; sourceTree = "<group>"; };
/* End PBXFileReference section */

/* Begin PBXFrameworksBuildPhase section */
		69B1A47C19A368DC0050DA13 /* Frameworks */ = {
			isa = PBXFrameworksBuildPhase;
			buildActionMask = 2147483647;
			files = (
			);
			runOnlyForDeploymentPostprocessing = 0;
		};
		69B1A49219A368DC0050DA13 /* Frameworks */ = {
			isa = PBXFrameworksBuildPhase;
			buildActionMask = 2147483647;
			files = (
			);
			runOnlyForDeploymentPostprocessing = 0;
		};
/* End PBXFrameworksBuildPhase section */

/* Begin PBXGroup section */
		69B1A47619A368DC0050DA13 = {
			isa = PBXGroup;
			children = (
				69B1A48119A368DC0050DA13 /* blurAndVibrancyEffect */,
				69B1A49819A368DC0050DA13 /* blurAndVibrancyEffectTests */,
				69B1A48019A368DC0050DA13 /* Products */,
			);
			sourceTree = "<group>";
		};
		69B1A48019A368DC0050DA13 /* Products */ = {
			isa = PBXGroup;
			children = (
				69B1A47F19A368DC0050DA13 /* blurAndVibrancyEffect.app */,
				69B1A49519A368DC0050DA13 /* blurAndVibrancyEffectTests.xctest */,
			);
			name = Products;
			sourceTree = "<group>";
		};
		69B1A48119A368DC0050DA13 /* blurAndVibrancyEffect */ = {
			isa = PBXGroup;
			children = (
				69B1A48619A368DC0050DA13 /* AppDelegate.h */,
				69B1A48719A368DC0050DA13 /* AppDelegate.m */,
				69B1A48919A368DC0050DA13 /* ViewController.h */,
				69B1A48A19A368DC0050DA13 /* ViewController.m */,
				69B1A48C19A368DC0050DA13 /* Main.storyboard */,
				69B1A48F19A368DC0050DA13 /* Images.xcassets */,
				69B1A48219A368DC0050DA13 /* Supporting Files */,
			);
			path = blurAndVibrancyEffect;
			sourceTree = "<group>";
		};
		69B1A48219A368DC0050DA13 /* Supporting Files */ = {
			isa = PBXGroup;
			children = (
				69B1A48319A368DC0050DA13 /* Info.plist */,
				69B1A48419A368DC0050DA13 /* main.m */,
			);
			name = "Supporting Files";
			sourceTree = "<group>";
		};
		69B1A49819A368DC0050DA13 /* blurAndVibrancyEffectTests */ = {
			isa = PBXGroup;
			children = (
				69B1A49B19A368DC0050DA13 /* blurAndVibrancyEffectTests.m */,
				69B1A49919A368DC0050DA13 /* Supporting Files */,
			);
			path = blurAndVibrancyEffectTests;
			sourceTree = "<group>";
		};
		69B1A49919A368DC0050DA13 /* Supporting Files */ = {
			isa = PBXGroup;
			children = (
				69B1A49A19A368DC0050DA13 /* Info.plist */,
			);
			name = "Supporting Files";
			sourceTree = "<group>";
		};
/* End PBXGroup section */

/* Begin PBXNativeTarget section */
		69B1A47E19A368DC0050DA13 /* blurAndVibrancyEffect */ = {
			isa = PBXNativeTarget;
			buildConfigurationList = 69B1A49F19A368DC0050DA13 /* Build configuration list for PBXNativeTarget "blurAndVibrancyEffect" */;
			buildPhases = (
				69B1A47B19A368DC0050DA13 /* Sources */,
				69B1A47C19A368DC0050DA13 /* Frameworks */,
				69B1A47D19A368DC0050DA13 /* Resources */,
			);
			buildRules = (
			);
			dependencies = (
			);
			name = blurAndVibrancyEffect;
			productName = blurAndVibrancyEffect;
			productReference = 69B1A47F19A368DC0050DA13 /* blurAndVibrancyEffect.app */;
			productType = "com.apple.product-type.application";
		};
		69B1A49419A368DC0050DA13 /* blurAndVibrancyEffectTests */ = {
			isa = PBXNativeTarget;
			buildConfigurationList = 69B1A4A219A368DC0050DA13 /* Build configuration list for PBXNativeTarget "blurAndVibrancyEffectTests" */;
			buildPhases = (
				69B1A49119A368DC0050DA13 /* Sources */,
				69B1A49219A368DC0050DA13 /* Frameworks */,
				69B1A49319A368DC0050DA13 /* Resources */,
			);
			buildRules = (
			);
			dependencies = (
				69B1A49719A368DC0050DA13 /* PBXTargetDependency */,
			);
			name = blurAndVibrancyEffectTests;
			productName = blurAndVibrancyEffectTests;
			productReference = 69B1A49519A368DC0050DA13 /* blurAndVibrancyEffectTests.xctest */;
			productType = "com.apple.product-type.bundle.unit-test";
		};
/* End PBXNativeTarget section */

/* Begin PBXProject section */
		69B1A47719A368DC0050DA13 /* Project object */ = {
			isa = PBXProject;
			attributes = {
				LastUpgradeCheck = 0600;
				ORGANIZATIONNAME = Songwut;
				TargetAttributes = {
					69B1A47E19A368DC0050DA13 = {
						CreatedOnToolsVersion = 6.0;
					};
					69B1A49419A368DC0050DA13 = {
						CreatedOnToolsVersion = 6.0;
						TestTargetID = 69B1A47E19A368DC0050DA13;
					};
				};
			};
			buildConfigurationList = 69B1A47A19A368DC0050DA13 /* Build configuration list for PBXProject "blurAndVibrancyEffect" */;
			compatibilityVersion = "Xcode 3.2";
			developmentRegion = English;
			hasScannedForEncodings = 0;
			knownRegions = (
				en,
				Base,
			);
			mainGroup = 69B1A47619A368DC0050DA13;
			productRefGroup = 69B1A48019A368DC0050DA13 /* Products */;
			projectDirPath = "";
			projectRoot = "";
			targets = (
				69B1A47E19A368DC0050DA13 /* blurAndVibrancyEffect */,
				69B1A49419A368DC0050DA13 /* blurAndVibrancyEffectTests */,
			);
		};
/* End PBXProject section */

/* Begin PBXResourcesBuildPhase section */
		69B1A47D19A368DC0050DA13 /* Resources */ = {
			isa = PBXResourcesBuildPhase;
			buildActionMask = 2147483647;
			files = (
				69B1A48E19A368DC0050DA13 /* Main.storyboard in Resources */,
				69B1A49019A368DC0050DA13 /* Images.xcassets in Resources */,
			);
			runOnlyForDeploymentPostprocessing = 0;
		};
		69B1A49319A368DC0050DA13 /* Resources */ = {
			isa = PBXResourcesBuildPhase;
			buildActionMask = 2147483647;
			files = (
			);
			runOnlyForDeploymentPostprocessing = 0;
		};
/* End PBXResourcesBuildPhase section */

/* Begin PBXSourcesBuildPhase section */
		69B1A47B19A368DC0050DA13 /* Sources */ = {
			isa = PBXSourcesBuildPhase;
			buildActionMask = 2147483647;
			files = (
				69B1A48B19A368DC0050DA13 /* ViewController.m in Sources */,
				69B1A48819A368DC0050DA13 /* AppDelegate.m in Sources */,
				69B1A48519A368DC0050DA13 /* main.m in Sources */,
			);
			runOnlyForDeploymentPostprocessing = 0;
		};
		69B1A49119A368DC0050DA13 /* Sources */ = {
			isa = PBXSourcesBuildPhase;
			buildActionMask = 2147483647;
			files = (
				69B1A49C19A368DC0050DA13 /* blurAndVibrancyEffectTests.m in Sources */,
			);
			runOnlyForDeploymentPostprocessing = 0;
		};
/* End PBXSourcesBuildPhase section */

/* Begin PBXTargetDependency section */
		69B1A49719A368DC0050DA13 /* PBXTargetDependency */ = {
			isa = PBXTargetDependency;
			target = 69B1A47E19A368DC0050DA13 /* blurAndVibrancyEffect */;
			targetProxy = 69B1A49619A368DC0050DA13 /* PBXContainerItemProxy */;
		};
/* End PBXTargetDependency section */

/* Begin PBXVariantGroup section */
		69B1A48C19A368DC0050DA13 /* Main.storyboard */ = {
			isa = PBXVariantGroup;
			children = (
				69B1A48D19A368DC0050DA13 /* Base */,
			);
			name = Main.storyboard;
			sourceTree = "<group>";
		};
/* End PBXVariantGroup section */

/* Begin XCBuildConfiguration section */
		69B1A49D19A368DC0050DA13 /* Debug */ = {
			isa = XCBuildConfiguration;
			buildSettings = {
				ALWAYS_SEARCH_USER_PATHS = NO;
				CLANG_CXX_LANGUAGE_STANDARD = "gnu++0x";
				CLANG_CXX_LIBRARY = "libc++";
				CLANG_ENABLE_MODULES = YES;
				CLANG_ENABLE_OBJC_ARC = YES;
				CLANG_WARN_BOOL_CONVERSION = YES;
				CLANG_WARN_CONSTANT_CONVERSION = YES;
				CLANG_WARN_DIRECT_OBJC_ISA_USAGE = YES_ERROR;
				CLANG_WARN_EMPTY_BODY = YES;
				CLANG_WARN_ENUM_CONVERSION = YES;
				CLANG_WARN_INT_CONVERSION = YES;
				CLANG_WARN_OBJC_ROOT_CLASS = YES_ERROR;
				CLANG_WARN_UNREACHABLE_CODE = YES;
				CLANG_WARN__DUPLICATE_METHOD_MATCH = YES;
				"CODE_SIGN_IDENTITY[sdk=iphoneos*]" = "iPhone Developer";
				COPY_PHASE_STRIP = NO;
				ENABLE_STRICT_OBJC_MSGSEND = YES;
				GCC_C_LANGUAGE_STANDARD = gnu99;
				GCC_DYNAMIC_NO_PIC = NO;
				GCC_OPTIMIZATION_LEVEL = 0;
				GCC_PREPROCESSOR_DEFINITIONS = (
					"DEBUG=1",
					"$(inherited)",
				);
				GCC_SYMBOLS_PRIVATE_EXTERN = NO;
				GCC_WARN_64_TO_32_BIT_CONVERSION = YES;
				GCC_WARN_ABOUT_RETURN_TYPE = YES_ERROR;
				GCC_WARN_UNDECLARED_SELECTOR = YES;
				GCC_WARN_UNINITIALIZED_AUTOS = YES_AGGRESSIVE;
				GCC_WARN_UNUSED_FUNCTION = YES;
				GCC_WARN_UNUSED_VARIABLE = YES;
				IPHONEOS_DEPLOYMENT_TARGET = 7.1;
				MTL_ENABLE_DEBUG_INFO = YES;
				ONLY_ACTIVE_ARCH = YES;
				SDKROOT = iphoneos;
				TARGETED_DEVICE_FAMILY = "1,2";
			};
			name = Debug;
		};
		69B1A49E19A368DC0050DA13 /* Release */ = {
			isa = XCBuildConfiguration;
			buildSettings = {
				ALWAYS_SEARCH_USER_PATHS = NO;
				CLANG_CXX_LANGUAGE_STANDARD = "gnu++0x";
				CLANG_CXX_LIBRARY = "libc++";
				CLANG_ENABLE_MODULES = YES;
				CLANG_ENABLE_OBJC_ARC = YES;
				CLANG_WARN_BOOL_CONVERSION = YES;
				CLANG_WARN_CONSTANT_CONVERSION = YES;
				CLANG_WARN_DIRECT_OBJC_ISA_USAGE = YES_ERROR;
				CLANG_WARN_EMPTY_BODY = YES;
				CLANG_WARN_ENUM_CONVERSION = YES;
				CLANG_WARN_INT_CONVERSION = YES;
				CLANG_WARN_OBJC_ROOT_CLASS = YES_ERROR;
				CLANG_WARN_UNREACHABLE_CODE = YES;
				CLANG_WARN__DUPLICATE_METHOD_MATCH = YES;
				"CODE_SIGN_IDENTITY[sdk=iphoneos*]" = "iPhone Developer";
				COPY_PHASE_STRIP = YES;
				ENABLE_NS_ASSERTIONS = NO;
				ENABLE_STRICT_OBJC_MSGSEND = YES;
				GCC_C_LANGUAGE_STANDARD = gnu99;
				GCC_WARN_64_TO_32_BIT_CONVERSION = YES;
				GCC_WARN_ABOUT_RETURN_TYPE = YES_ERROR;
				GCC_WARN_UNDECLARED_SELECTOR = YES;
				GCC_WARN_UNINITIALIZED_AUTOS = YES_AGGRESSIVE;
				GCC_WARN_UNUSED_FUNCTION = YES;
				GCC_WARN_UNUSED_VARIABLE = YES;
				IPHONEOS_DEPLOYMENT_TARGET = 7.1;
				MTL_ENABLE_DEBUG_INFO = NO;
				SDKROOT = iphoneos;
				TARGETED_DEVICE_FAMILY = "1,2";
				VALIDATE_PRODUCT = YES;
			};
			name = Release;
		};
		69B1A4A019A368DC0050DA13 /* Debug */ = {
			isa = XCBuildConfiguration;
			buildSettings = {
				ASSETCATALOG_COMPILER_APPICON_NAME = AppIcon;
				ASSETCATALOG_COMPILER_LAUNCHIMAGE_NAME = LaunchImage;
				INFOPLIST_FILE = blurAndVibrancyEffect/Info.plist;
				IPHONEOS_DEPLOYMENT_TARGET = 7.1;
				LD_RUNPATH_SEARCH_PATHS = "$(inherited) @executable_path/Frameworks";
				PRODUCT_NAME = "$(TARGET_NAME)";
			};
			name = Debug;
		};
		69B1A4A119A368DC0050DA13 /* Release */ = {
			isa = XCBuildConfiguration;
			buildSettings = {
				ASSETCATALOG_COMPILER_APPICON_NAME = AppIcon;
				ASSETCATALOG_COMPILER_LAUNCHIMAGE_NAME = LaunchImage;
				INFOPLIST_FILE = blurAndVibrancyEffect/Info.plist;
				IPHONEOS_DEPLOYMENT_TARGET = 7.1;
				LD_RUNPATH_SEARCH_PATHS = "$(inherited) @executable_path/Frameworks";
				PRODUCT_NAME = "$(TARGET_NAME)";
			};
			name = Release;
		};
		69B1A4A319A368DC0050DA13 /* Debug */ = {
			isa = XCBuildConfiguration;
			buildSettings = {
				BUNDLE_LOADER = "$(TEST_HOST)";
				FRAMEWORK_SEARCH_PATHS = (
					"$(SDKROOT)/Developer/Library/Frameworks",
					"$(inherited)",
				);
				GCC_PREPROCESSOR_DEFINITIONS = (
					"DEBUG=1",
					"$(inherited)",
				);
				INFOPLIST_FILE = blurAndVibrancyEffectTests/Info.plist;
				LD_RUNPATH_SEARCH_PATHS = "$(inherited) @executable_path/Frameworks @loader_path/Frameworks";
				PRODUCT_NAME = "$(TARGET_NAME)";
				TEST_HOST = "$(BUILT_PRODUCTS_DIR)/blurAndVibrancyEffect.app/blurAndVibrancyEffect";
			};
			name = Debug;
		};
		69B1A4A419A368DC0050DA13 /* Release */ = {
			isa = XCBuildConfiguration;
			buildSettings = {
				BUNDLE_LOADER = "$(TEST_HOST)";
				FRAMEWORK_SEARCH_PATHS = (
					"$(SDKROOT)/Developer/Library/Frameworks",
					"$(inherited)",
				);
				INFOPLIST_FILE = blurAndVibrancyEffectTests/Info.plist;
				LD_RUNPATH_SEARCH_PATHS = "$(inherited) @executable_path/Frameworks @loader_path/Frameworks";
				PRODUCT_NAME = "$(TARGET_NAME)";
				TEST_HOST = "$(BUILT_PRODUCTS_DIR)/blurAndVibrancyEffect.app/blurAndVibrancyEffect";
			};
			name = Release;
		};
/* End XCBuildConfiguration section */

/* Begin XCConfigurationList section */
		69B1A47A19A368DC0050DA13 /* Build configuration list for PBXProject "blurAndVibrancyEffect" */ = {
			isa = XCConfigurationList;
			buildConfigurations = (
				69B1A49D19A368DC0050DA13 /* Debug */,
				69B1A49E19A368DC0050DA13 /* Release */,
			);
			defaultConfigurationIsVisible = 0;
			defaultConfigurationName = Release;
		};
		69B1A49F19A368DC0050DA13 /* Build configuration list for PBXNativeTarget "blurAndVibrancyEffect" */ = {
			isa = XCConfigurationList;
			buildConfigurations = (
				69B1A4A019A368DC0050DA13 /* Debug */,
				69B1A4A119A368DC0050DA13 /* Release */,
			);
			defaultConfigurationIsVisible = 0;
			defaultConfigurationName = Release;
		};
		69B1A4A219A368DC0050DA13 /* Build configuration list for PBXNativeTarget "blurAndVibrancyEffectTests" */ = {
			isa = XCConfigurationList;
			buildConfigurations = (
				69B1A4A319A368DC0050DA13 /* Debug */,
				69B1A4A419A368DC0050DA13 /* Release */,
			);
			defaultConfigurationIsVisible = 0;
			defaultConfigurationName = Release;
		};
/* End XCConfigurationList section */
	};
	rootObject = 69B1A47719A368DC0050DA13 /* Project object */;
}
